
Microsoft Visual Studio Solution File, Format Version 12.00
Project("{FAE04EC0-301F-11D3-BF4B-00C04F79EFBC}") = "YourOSBB.Web", "YourOSBB.Web\YourOSBB.Web.csproj", "{A94B23D7-1C2A-4C16-9483-B5DEA440FDEC}"
EndProject
Project("{FAE04EC0-301F-11D3-BF4B-00C04F79EFBC}") = "YourOSBB.Services", "YourOSBB.Services\YourOSBB.Services.csproj", "{AE1F95EF-359F-407C-B796-F5401E2F56CD}"
EndProject
Project("{FAE04EC0-301F-11D3-BF4B-00C04F79EFBC}") = "YourOSBB.Infrastructure", "YourOSBB.Infrastructure\YourOSBB.Infrastructure.csproj", "{2DD546B1-82E4-4D3E-BA93-676317CF5963}"
EndProject
Project("{FAE04EC0-301F-11D3-BF4B-00C04F79EFBC}") = "YourOSBB.Entities", "YourOSBB.Entities\YourOSBB.Entities.csproj", "{58EDFB43-3377-4E5D-99AA-35466E35ED82}"
EndProject
Project("{FAE04EC0-301F-11D3-BF4B-00C04F79EFBC}") = "YourOSBB.NUnitTests", "YourOSBB.NUnitTests\YourOSBB.NUnitTests.csproj", "{9BB4858D-0109-4413-A222-7496E38F2874}"
EndProject
Global
	GlobalSection(SolutionConfigurationPlatforms) = preSolution
		Debug|Any CPU = Debug|Any CPU
		Release|Any CPU = Release|Any CPU
	EndGlobalSection
	GlobalSection(ProjectConfigurationPlatforms) = postSolution
		{A94B23D7-1C2A-4C16-9483-B5DEA440FDEC}.Debug|Any CPU.ActiveCfg = Debug|Any CPU
		{A94B23D7-1C2A-4C16-9483-B5DEA440FDEC}.Debug|Any CPU.Build.0 = Debug|Any CPU
		{A94B23D7-1C2A-4C16-9483-B5DEA440FDEC}.Release|Any CPU.ActiveCfg = Release|Any CPU
		{A94B23D7-1C2A-4C16-9483-B5DEA440FDEC}.Release|Any CPU.Build.0 = Release|Any CPU
		{AE1F95EF-359F-407C-B796-F5401E2F56CD}.Debug|Any CPU.ActiveCfg = Debug|Any CPU
		{AE1F95EF-359F-407C-B796-F5401E2F56CD}.Debug|Any CPU.Build.0 = Debug|Any CPU
		{AE1F95EF-359F-407C-B796-F5401E2F56CD}.Release|Any CPU.ActiveCfg = Release|Any CPU
		{AE1F95EF-359F-407C-B796-F5401E2F56CD}.Release|Any CPU.Build.0 = Release|Any CPU
		{2DD546B1-82E4-4D3E-BA93-676317CF5963}.Debug|Any CPU.ActiveCfg = Debug|Any CPU
		{2DD546B1-82E4-4D3E-BA93-676317CF5963}.Debug|Any CPU.Build.0 = Debug|Any CPU
		{2DD546B1-82E4-4D3E-BA93-676317CF5963}.Release|Any CPU.ActiveCfg = Release|Any CPU
		{2DD546B1-82E4-4D3E-BA93-676317CF5963}.Release|Any CPU.Build.0 = Release|Any CPU
		{58EDFB43-3377-4E5D-99AA-35466E35ED82}.Debug|Any CPU.ActiveCfg = Debug|Any CPU
		{58EDFB43-3377-4E5D-99AA-35466E35ED82}.Debug|Any CPU.Build.0 = Debug|Any CPU
		{58EDFB43-3377-4E5D-99AA-35466E35ED82}.Release|Any CPU.ActiveCfg = Release|Any CPU
		{58EDFB43-3377-4E5D-99AA-35466E35ED82}.Release|Any CPU.Build.0 = Release|Any CPU
		{9BB4858D-0109-4413-A222-7496E38F2874}.Debug|Any CPU.ActiveCfg = Debug|Any CPU
		{9BB4858D-0109-4413-A222-7496E38F2874}.Debug|Any CPU.Build.0 = Debug|Any CPU
		{9BB4858D-0109-4413-A222-7496E38F2874}.Release|Any CPU.ActiveCfg = Release|Any CPU
		{9BB4858D-0109-4413-A222-7496E38F2874}.Release|Any CPU.Build.0 = Release|Any CPU
	EndGlobalSection
EndGlobal
